schema: '2.0'
stages:
  download_data:
    cmd: uv run python src/scripts/run_stage.py stage=download
    deps:
    - path: src/scripts/download.py
      hash: md5
      md5: 129d3dceaddfe4cb5d57b6feab3d32a5
      size: 665
    - path: src/scripts/run_stage.py
      hash: md5
      md5: 82a5cf01a52da9c74f8a36d89eed7714
      size: 494
    outs:
    - path: data/raw/
      hash: md5
      md5: 4680d7d3a6dcdf491cdb9dd3050960cc.dir
      size: 47950717
      nfiles: 401
  preprocess:
    cmd: uv run python src/scripts/run_stage.py stage=preprocess
    deps:
    - path: data/raw/
      hash: md5
      md5: 4680d7d3a6dcdf491cdb9dd3050960cc.dir
      size: 47950717
      nfiles: 401
    - path: src/scripts/preprocess.py
      hash: md5
      md5: 7af1fa146524da74ff4f858bd4e478a6
      size: 2406
    - path: src/scripts/run_stage.py
      hash: md5
      md5: 82a5cf01a52da9c74f8a36d89eed7714
      size: 494
    outs:
    - path: data/preprocessed/
      hash: md5
      md5: 903c0eaf0a254966c0bf262ce7bb79ef.dir
      size: 9457
      nfiles: 3
