schema: '2.0'
stages:
  download_data:
    cmd: uv run python src/scripts/run_stage.py stage=download
    deps:
    - path: src/scripts/download.py
      hash: md5
      md5: 4c524848258042c06ce5ce36a6707f20
      size: 1193
    - path: src/scripts/run_stage.py
      hash: md5
      md5: 83def571885b5f39265a60a23861e7f7
      size: 1260
    outs:
    - path: data/raw/
      hash: md5
      md5: 4680d7d3a6dcdf491cdb9dd3050960cc.dir
      size: 47950717
      nfiles: 401
  preprocess:
    cmd: uv run python src/scripts/run_stage.py stage=preprocess
    deps:
    - path: data/raw/
      hash: md5
      md5: 4680d7d3a6dcdf491cdb9dd3050960cc.dir
      size: 47950717
      nfiles: 401
    - path: src/scripts/preprocess.py
      hash: md5
      md5: df117a5c92b879e73239cb7109dcc45c
      size: 3467
    - path: src/scripts/run_stage.py
      hash: md5
      md5: 83def571885b5f39265a60a23861e7f7
      size: 1260
    outs:
    - path: data/preprocessed/
      hash: md5
      md5: 903c0eaf0a254966c0bf262ce7bb79ef.dir
      size: 9457
      nfiles: 3
